
Microsoft Visual Studio Solution File, Format Version 12.00
# Visual Studio Version 16
VisualStudioVersion = 16.0.31112.23
MinimumVisualStudioVersion = 10.0.40219.1
Project("{9A19103F-16F7-4668-BE54-9A1E7A4F7556}") = "PhysicsEngine", "PhysicsEngine.csproj", "{FF1F8FCB-C5B9-4C92-B6BF-5B100B99096D}"
EndProject
Global
	GlobalSection(SolutionConfigurationPlatforms) = preSolution
		Debug|Any CPU = Debug|Any CPU
		Release|Any CPU = Release|Any CPU
	EndGlobalSection
	GlobalSection(ProjectConfigurationPlatforms) = postSolution
		{FF1F8FCB-C5B9-4C92-B6BF-5B100B99096D}.Debug|Any CPU.ActiveCfg = Debug|Any CPU
		{FF1F8FCB-C5B9-4C92-B6BF-5B100B99096D}.Debug|Any CPU.Build.0 = Debug|Any CPU
		{FF1F8FCB-C5B9-4C92-B6BF-5B100B99096D}.Release|Any CPU.ActiveCfg = Release|Any CPU
		{FF1F8FCB-C5B9-4C92-B6BF-5B100B99096D}.Release|Any CPU.Build.0 = Release|Any CPU
	EndGlobalSection
	GlobalSection(SolutionProperties) = preSolution
		HideSolutionNode = FALSE
	EndGlobalSection
	GlobalSection(ExtensibilityGlobals) = postSolution
		SolutionGuid = {C10D2255-FBDD-461F-A60C-CF94D483AAF9}
	EndGlobalSection
EndGlobal
